
Microsoft Visual Studio Solution File, Format Version 12.00
# Visual Studio 15
VisualStudioVersion = 15.0.28010.2016
MinimumVisualStudioVersion = 10.0.40219.1
Project("{FAE04EC0-301F-11D3-BF4B-00C04F79EFBC}") = "AllocateArray", "AllocateArray\AllocateArray.csproj", "{3ECFD258-5AA7-469F-9AF2-69703D75A446}"
EndProject
Project("{FAE04EC0-301F-11D3-BF4B-00C04F79EFBC}") = "CompareArrays", "CompareArrays\CompareArrays.csproj", "{85B0E535-3F9D-4A63-8F3D-0AD606D03AE0}"
EndProject
Project("{FAE04EC0-301F-11D3-BF4B-00C04F79EFBC}") = "CompareChareArrays", "CompareChareArrays\CompareChareArrays.csproj", "{8EE7B789-D82E-44BD-BEAE-90BBF18BE26F}"
EndProject
Project("{FAE04EC0-301F-11D3-BF4B-00C04F79EFBC}") = "MaxSequence", "MaxSequence\MaxSequence.csproj", "{F95F6F67-3710-498B-A290-D2EA443196D5}"
EndProject
Project("{FAE04EC0-301F-11D3-BF4B-00C04F79EFBC}") = "MaxSeqOfIncreasingN", "MaxSeqOfIncreasingN\MaxSeqOfIncreasingN.csproj", "{B5BB03A9-D192-4CEC-9AB8-5BDA2F4F10A4}"
EndProject
Project("{FAE04EC0-301F-11D3-BF4B-00C04F79EFBC}") = "MaximalKSum", "MaximalKSum\MaximalKSum.csproj", "{1B0B32F9-37B3-47CC-A760-810BB2DC0FA1}"
EndProject
Project("{FAE04EC0-301F-11D3-BF4B-00C04F79EFBC}") = "FrequentNumber", "FrequentNumber\FrequentNumber.csproj", "{6296BADF-4DC6-4439-B0DF-E2C4B257C92C}"
EndProject
Project("{FAE04EC0-301F-11D3-BF4B-00C04F79EFBC}") = "FindSumInArray", "FindSumInArray\FindSumInArray.csproj", "{32396D33-5C21-4E0D-B3F1-A2F762544DF8}"
EndProject
Project("{FAE04EC0-301F-11D3-BF4B-00C04F79EFBC}") = "BinarySearch1", "BinarySearch1\BinarySearch1.csproj", "{D3F73B0A-BA31-48FE-B689-8A89975E1BE6}"
EndProject
Project("{FAE04EC0-301F-11D3-BF4B-00C04F79EFBC}") = "BinarySearch2", "BinarySearch2\BinarySearch2.csproj", "{74A04627-586F-4089-B5FA-6F259642A771}"
EndProject
Project("{FAE04EC0-301F-11D3-BF4B-00C04F79EFBC}") = "IndexOfLetters", "IndexOfLetters\IndexOfLetters.csproj", "{A1094F30-B376-4C70-AC01-D3392B5C48EA}"
EndProject
Global
	GlobalSection(SolutionConfigurationPlatforms) = preSolution
		Debug|Any CPU = Debug|Any CPU
		Debug|ARM = Debug|ARM
		Debug|x64 = Debug|x64
		Debug|x86 = Debug|x86
		Release|Any CPU = Release|Any CPU
		Release|ARM = Release|ARM
		Release|x64 = Release|x64
		Release|x86 = Release|x86
	EndGlobalSection
	GlobalSection(ProjectConfigurationPlatforms) = postSolution
		{3ECFD258-5AA7-469F-9AF2-69703D75A446}.Debug|Any CPU.ActiveCfg = Debug|Any CPU
		{3ECFD258-5AA7-469F-9AF2-69703D75A446}.Debug|Any CPU.Build.0 = Debug|Any CPU
		{3ECFD258-5AA7-469F-9AF2-69703D75A446}.Debug|ARM.ActiveCfg = Debug|Any CPU
		{3ECFD258-5AA7-469F-9AF2-69703D75A446}.Debug|ARM.Build.0 = Debug|Any CPU
		{3ECFD258-5AA7-469F-9AF2-69703D75A446}.Debug|x64.ActiveCfg = Debug|Any CPU
		{3ECFD258-5AA7-469F-9AF2-69703D75A446}.Debug|x64.Build.0 = Debug|Any CPU
		{3ECFD258-5AA7-469F-9AF2-69703D75A446}.Debug|x86.ActiveCfg = Debug|Any CPU
		{3ECFD258-5AA7-469F-9AF2-69703D75A446}.Debug|x86.Build.0 = Debug|Any CPU
		{3ECFD258-5AA7-469F-9AF2-69703D75A446}.Release|Any CPU.ActiveCfg = Release|Any CPU
		{3ECFD258-5AA7-469F-9AF2-69703D75A446}.Release|Any CPU.Build.0 = Release|Any CPU
		{3ECFD258-5AA7-469F-9AF2-69703D75A446}.Release|ARM.ActiveCfg = Release|Any CPU
		{3ECFD258-5AA7-469F-9AF2-69703D75A446}.Release|ARM.Build.0 = Release|Any CPU
		{3ECFD258-5AA7-469F-9AF2-69703D75A446}.Release|x64.ActiveCfg = Release|Any CPU
		{3ECFD258-5AA7-469F-9AF2-69703D75A446}.Release|x64.Build.0 = Release|Any CPU
		{3ECFD258-5AA7-469F-9AF2-69703D75A446}.Release|x86.ActiveCfg = Release|Any CPU
		{3ECFD258-5AA7-469F-9AF2-69703D75A446}.Release|x86.Build.0 = Release|Any CPU
		{85B0E535-3F9D-4A63-8F3D-0AD606D03AE0}.Debug|Any CPU.ActiveCfg = Debug|Any CPU
		{85B0E535-3F9D-4A63-8F3D-0AD606D03AE0}.Debug|Any CPU.Build.0 = Debug|Any CPU
		{85B0E535-3F9D-4A63-8F3D-0AD606D03AE0}.Debug|ARM.ActiveCfg = Debug|Any CPU
		{85B0E535-3F9D-4A63-8F3D-0AD606D03AE0}.Debug|ARM.Build.0 = Debug|Any CPU
		{85B0E535-3F9D-4A63-8F3D-0AD606D03AE0}.Debug|x64.ActiveCfg = Debug|Any CPU
		{85B0E535-3F9D-4A63-8F3D-0AD606D03AE0}.Debug|x64.Build.0 = Debug|Any CPU
		{85B0E535-3F9D-4A63-8F3D-0AD606D03AE0}.Debug|x86.ActiveCfg = Debug|Any CPU
		{85B0E535-3F9D-4A63-8F3D-0AD606D03AE0}.Debug|x86.Build.0 = Debug|Any CPU
		{85B0E535-3F9D-4A63-8F3D-0AD606D03AE0}.Release|Any CPU.ActiveCfg = Release|Any CPU
		{85B0E535-3F9D-4A63-8F3D-0AD606D03AE0}.Release|Any CPU.Build.0 = Release|Any CPU
		{85B0E535-3F9D-4A63-8F3D-0AD606D03AE0}.Release|ARM.ActiveCfg = Release|Any CPU
		{85B0E535-3F9D-4A63-8F3D-0AD606D03AE0}.Release|ARM.Build.0 = Release|Any CPU
		{85B0E535-3F9D-4A63-8F3D-0AD606D03AE0}.Release|x64.ActiveCfg = Release|Any CPU
		{85B0E535-3F9D-4A63-8F3D-0AD606D03AE0}.Release|x64.Build.0 = Release|Any CPU
		{85B0E535-3F9D-4A63-8F3D-0AD606D03AE0}.Release|x86.ActiveCfg = Release|Any CPU
		{85B0E535-3F9D-4A63-8F3D-0AD606D03AE0}.Release|x86.Build.0 = Release|Any CPU
		{8EE7B789-D82E-44BD-BEAE-90BBF18BE26F}.Debug|Any CPU.ActiveCfg = Debug|Any CPU
		{8EE7B789-D82E-44BD-BEAE-90BBF18BE26F}.Debug|Any CPU.Build.0 = Debug|Any CPU
		{8EE7B789-D82E-44BD-BEAE-90BBF18BE26F}.Debug|ARM.ActiveCfg = Debug|Any CPU
		{8EE7B789-D82E-44BD-BEAE-90BBF18BE26F}.Debug|ARM.Build.0 = Debug|Any CPU
		{8EE7B789-D82E-44BD-BEAE-90BBF18BE26F}.Debug|x64.ActiveCfg = Debug|Any CPU
		{8EE7B789-D82E-44BD-BEAE-90BBF18BE26F}.Debug|x64.Build.0 = Debug|Any CPU
		{8EE7B789-D82E-44BD-BEAE-90BBF18BE26F}.Debug|x86.ActiveCfg = Debug|Any CPU
		{8EE7B789-D82E-44BD-BEAE-90BBF18BE26F}.Debug|x86.Build.0 = Debug|Any CPU
		{8EE7B789-D82E-44BD-BEAE-90BBF18BE26F}.Release|Any CPU.ActiveCfg = Release|Any CPU
		{8EE7B789-D82E-44BD-BEAE-90BBF18BE26F}.Release|Any CPU.Build.0 = Release|Any CPU
		{8EE7B789-D82E-44BD-BEAE-90BBF18BE26F}.Release|ARM.ActiveCfg = Release|Any CPU
		{8EE7B789-D82E-44BD-BEAE-90BBF18BE26F}.Release|ARM.Build.0 = Release|Any CPU
		{8EE7B789-D82E-44BD-BEAE-90BBF18BE26F}.Release|x64.ActiveCfg = Release|Any CPU
		{8EE7B789-D82E-44BD-BEAE-90BBF18BE26F}.Release|x64.Build.0 = Release|Any CPU
		{8EE7B789-D82E-44BD-BEAE-90BBF18BE26F}.Release|x86.ActiveCfg = Release|Any CPU
		{8EE7B789-D82E-44BD-BEAE-90BBF18BE26F}.Release|x86.Build.0 = Release|Any CPU
		{F95F6F67-3710-498B-A290-D2EA443196D5}.Debug|Any CPU.ActiveCfg = Debug|Any CPU
		{F95F6F67-3710-498B-A290-D2EA443196D5}.Debug|Any CPU.Build.0 = Debug|Any CPU
		{F95F6F67-3710-498B-A290-D2EA443196D5}.Debug|ARM.ActiveCfg = Debug|Any CPU
		{F95F6F67-3710-498B-A290-D2EA443196D5}.Debug|ARM.Build.0 = Debug|Any CPU
		{F95F6F67-3710-498B-A290-D2EA443196D5}.Debug|x64.ActiveCfg = Debug|Any CPU
		{F95F6F67-3710-498B-A290-D2EA443196D5}.Debug|x64.Build.0 = Debug|Any CPU
		{F95F6F67-3710-498B-A290-D2EA443196D5}.Debug|x86.ActiveCfg = Debug|Any CPU
		{F95F6F67-3710-498B-A290-D2EA443196D5}.Debug|x86.Build.0 = Debug|Any CPU
		{F95F6F67-3710-498B-A290-D2EA443196D5}.Release|Any CPU.ActiveCfg = Release|Any CPU
		{F95F6F67-3710-498B-A290-D2EA443196D5}.Release|Any CPU.Build.0 = Release|Any CPU
		{F95F6F67-3710-498B-A290-D2EA443196D5}.Release|ARM.ActiveCfg = Release|Any CPU
		{F95F6F67-3710-498B-A290-D2EA443196D5}.Release|ARM.Build.0 = Release|Any CPU
		{F95F6F67-3710-498B-A290-D2EA443196D5}.Release|x64.ActiveCfg = Release|Any CPU
		{F95F6F67-3710-498B-A290-D2EA443196D5}.Release|x64.Build.0 = Release|Any CPU
		{F95F6F67-3710-498B-A290-D2EA443196D5}.Release|x86.ActiveCfg = Release|Any CPU
		{F95F6F67-3710-498B-A290-D2EA443196D5}.Release|x86.Build.0 = Release|Any CPU
		{B5BB03A9-D192-4CEC-9AB8-5BDA2F4F10A4}.Debug|Any CPU.ActiveCfg = Debug|Any CPU
		{B5BB03A9-D192-4CEC-9AB8-5BDA2F4F10A4}.Debug|Any CPU.Build.0 = Debug|Any CPU
		{B5BB03A9-D192-4CEC-9AB8-5BDA2F4F10A4}.Debug|ARM.ActiveCfg = Debug|Any CPU
		{B5BB03A9-D192-4CEC-9AB8-5BDA2F4F10A4}.Debug|ARM.Build.0 = Debug|Any CPU
		{B5BB03A9-D192-4CEC-9AB8-5BDA2F4F10A4}.Debug|x64.ActiveCfg = Debug|Any CPU
		{B5BB03A9-D192-4CEC-9AB8-5BDA2F4F10A4}.Debug|x64.Build.0 = Debug|Any CPU
		{B5BB03A9-D192-4CEC-9AB8-5BDA2F4F10A4}.Debug|x86.ActiveCfg = Debug|Any CPU
		{B5BB03A9-D192-4CEC-9AB8-5BDA2F4F10A4}.Debug|x86.Build.0 = Debug|Any CPU
		{B5BB03A9-D192-4CEC-9AB8-5BDA2F4F10A4}.Release|Any CPU.ActiveCfg = Release|Any CPU
		{B5BB03A9-D192-4CEC-9AB8-5BDA2F4F10A4}.Release|Any CPU.Build.0 = Release|Any CPU
		{B5BB03A9-D192-4CEC-9AB8-5BDA2F4F10A4}.Release|ARM.ActiveCfg = Release|Any CPU
		{B5BB03A9-D192-4CEC-9AB8-5BDA2F4F10A4}.Release|ARM.Build.0 = Release|Any CPU
		{B5BB03A9-D192-4CEC-9AB8-5BDA2F4F10A4}.Release|x64.ActiveCfg = Release|Any CPU
		{B5BB03A9-D192-4CEC-9AB8-5BDA2F4F10A4}.Release|x64.Build.0 = Release|Any CPU
		{B5BB03A9-D192-4CEC-9AB8-5BDA2F4F10A4}.Release|x86.ActiveCfg = Release|Any CPU
		{B5BB03A9-D192-4CEC-9AB8-5BDA2F4F10A4}.Release|x86.Build.0 = Release|Any CPU
		{1B0B32F9-37B3-47CC-A760-810BB2DC0FA1}.Debug|Any CPU.ActiveCfg = Debug|Any CPU
		{1B0B32F9-37B3-47CC-A760-810BB2DC0FA1}.Debug|Any CPU.Build.0 = Debug|Any CPU
		{1B0B32F9-37B3-47CC-A760-810BB2DC0FA1}.Debug|ARM.ActiveCfg = Debug|Any CPU
		{1B0B32F9-37B3-47CC-A760-810BB2DC0FA1}.Debug|ARM.Build.0 = Debug|Any CPU
		{1B0B32F9-37B3-47CC-A760-810BB2DC0FA1}.Debug|x64.ActiveCfg = Debug|Any CPU
		{1B0B32F9-37B3-47CC-A760-810BB2DC0FA1}.Debug|x64.Build.0 = Debug|Any CPU
		{1B0B32F9-37B3-47CC-A760-810BB2DC0FA1}.Debug|x86.ActiveCfg = Debug|Any CPU
		{1B0B32F9-37B3-47CC-A760-810BB2DC0FA1}.Debug|x86.Build.0 = Debug|Any CPU
		{1B0B32F9-37B3-47CC-A760-810BB2DC0FA1}.Release|Any CPU.ActiveCfg = Release|Any CPU
		{1B0B32F9-37B3-47CC-A760-810BB2DC0FA1}.Release|Any CPU.Build.0 = Release|Any CPU
		{1B0B32F9-37B3-47CC-A760-810BB2DC0FA1}.Release|ARM.ActiveCfg = Release|Any CPU
		{1B0B32F9-37B3-47CC-A760-810BB2DC0FA1}.Release|ARM.Build.0 = Release|Any CPU
		{1B0B32F9-37B3-47CC-A760-810BB2DC0FA1}.Release|x64.ActiveCfg = Release|Any CPU
		{1B0B32F9-37B3-47CC-A760-810BB2DC0FA1}.Release|x64.Build.0 = Release|Any CPU
		{1B0B32F9-37B3-47CC-A760-810BB2DC0FA1}.Release|x86.ActiveCfg = Release|Any CPU
		{1B0B32F9-37B3-47CC-A760-810BB2DC0FA1}.Release|x86.Build.0 = Release|Any CPU
		{6296BADF-4DC6-4439-B0DF-E2C4B257C92C}.Debug|Any CPU.ActiveCfg = Debug|Any CPU
		{6296BADF-4DC6-4439-B0DF-E2C4B257C92C}.Debug|Any CPU.Build.0 = Debug|Any CPU
		{6296BADF-4DC6-4439-B0DF-E2C4B257C92C}.Debug|ARM.ActiveCfg = Debug|Any CPU
		{6296BADF-4DC6-4439-B0DF-E2C4B257C92C}.Debug|ARM.Build.0 = Debug|Any CPU
		{6296BADF-4DC6-4439-B0DF-E2C4B257C92C}.Debug|x64.ActiveCfg = Debug|Any CPU
		{6296BADF-4DC6-4439-B0DF-E2C4B257C92C}.Debug|x64.Build.0 = Debug|Any CPU
		{6296BADF-4DC6-4439-B0DF-E2C4B257C92C}.Debug|x86.ActiveCfg = Debug|Any CPU
		{6296BADF-4DC6-4439-B0DF-E2C4B257C92C}.Debug|x86.Build.0 = Debug|Any CPU
		{6296BADF-4DC6-4439-B0DF-E2C4B257C92C}.Release|Any CPU.ActiveCfg = Release|Any CPU
		{6296BADF-4DC6-4439-B0DF-E2C4B257C92C}.Release|Any CPU.Build.0 = Release|Any CPU
		{6296BADF-4DC6-4439-B0DF-E2C4B257C92C}.Release|ARM.ActiveCfg = Release|Any CPU
		{6296BADF-4DC6-4439-B0DF-E2C4B257C92C}.Release|ARM.Build.0 = Release|Any CPU
		{6296BADF-4DC6-4439-B0DF-E2C4B257C92C}.Release|x64.ActiveCfg = Release|Any CPU
		{6296BADF-4DC6-4439-B0DF-E2C4B257C92C}.Release|x64.Build.0 = Release|Any CPU
		{6296BADF-4DC6-4439-B0DF-E2C4B257C92C}.Release|x86.ActiveCfg = Release|Any CPU
		{6296BADF-4DC6-4439-B0DF-E2C4B257C92C}.Release|x86.Build.0 = Release|Any CPU
		{32396D33-5C21-4E0D-B3F1-A2F762544DF8}.Debug|Any CPU.ActiveCfg = Debug|Any CPU
		{32396D33-5C21-4E0D-B3F1-A2F762544DF8}.Debug|Any CPU.Build.0 = Debug|Any CPU
		{32396D33-5C21-4E0D-B3F1-A2F762544DF8}.Debug|ARM.ActiveCfg = Debug|Any CPU
		{32396D33-5C21-4E0D-B3F1-A2F762544DF8}.Debug|ARM.Build.0 = Debug|Any CPU
		{32396D33-5C21-4E0D-B3F1-A2F762544DF8}.Debug|x64.ActiveCfg = Debug|Any CPU
		{32396D33-5C21-4E0D-B3F1-A2F762544DF8}.Debug|x64.Build.0 = Debug|Any CPU
		{32396D33-5C21-4E0D-B3F1-A2F762544DF8}.Debug|x86.ActiveCfg = Debug|Any CPU
		{32396D33-5C21-4E0D-B3F1-A2F762544DF8}.Debug|x86.Build.0 = Debug|Any CPU
		{32396D33-5C21-4E0D-B3F1-A2F762544DF8}.Release|Any CPU.ActiveCfg = Release|Any CPU
		{32396D33-5C21-4E0D-B3F1-A2F762544DF8}.Release|Any CPU.Build.0 = Release|Any CPU
		{32396D33-5C21-4E0D-B3F1-A2F762544DF8}.Release|ARM.ActiveCfg = Release|Any CPU
		{32396D33-5C21-4E0D-B3F1-A2F762544DF8}.Release|ARM.Build.0 = Release|Any CPU
		{32396D33-5C21-4E0D-B3F1-A2F762544DF8}.Release|x64.ActiveCfg = Release|Any CPU
		{32396D33-5C21-4E0D-B3F1-A2F762544DF8}.Release|x64.Build.0 = Release|Any CPU
		{32396D33-5C21-4E0D-B3F1-A2F762544DF8}.Release|x86.ActiveCfg = Release|Any CPU
		{32396D33-5C21-4E0D-B3F1-A2F762544DF8}.Release|x86.Build.0 = Release|Any CPU
		{D3F73B0A-BA31-48FE-B689-8A89975E1BE6}.Debug|Any CPU.ActiveCfg = Debug|Any CPU
		{D3F73B0A-BA31-48FE-B689-8A89975E1BE6}.Debug|Any CPU.Build.0 = Debug|Any CPU
		{D3F73B0A-BA31-48FE-B689-8A89975E1BE6}.Debug|ARM.ActiveCfg = Debug|Any CPU
		{D3F73B0A-BA31-48FE-B689-8A89975E1BE6}.Debug|ARM.Build.0 = Debug|Any CPU
		{D3F73B0A-BA31-48FE-B689-8A89975E1BE6}.Debug|x64.ActiveCfg = Debug|Any CPU
		{D3F73B0A-BA31-48FE-B689-8A89975E1BE6}.Debug|x64.Build.0 = Debug|Any CPU
		{D3F73B0A-BA31-48FE-B689-8A89975E1BE6}.Debug|x86.ActiveCfg = Debug|Any CPU
		{D3F73B0A-BA31-48FE-B689-8A89975E1BE6}.Debug|x86.Build.0 = Debug|Any CPU
		{D3F73B0A-BA31-48FE-B689-8A89975E1BE6}.Release|Any CPU.ActiveCfg = Release|Any CPU
		{D3F73B0A-BA31-48FE-B689-8A89975E1BE6}.Release|Any CPU.Build.0 = Release|Any CPU
		{D3F73B0A-BA31-48FE-B689-8A89975E1BE6}.Release|ARM.ActiveCfg = Release|Any CPU
		{D3F73B0A-BA31-48FE-B689-8A89975E1BE6}.Release|ARM.Build.0 = Release|Any CPU
		{D3F73B0A-BA31-48FE-B689-8A89975E1BE6}.Release|x64.ActiveCfg = Release|Any CPU
		{D3F73B0A-BA31-48FE-B689-8A89975E1BE6}.Release|x64.Build.0 = Release|Any CPU
		{D3F73B0A-BA31-48FE-B689-8A89975E1BE6}.Release|x86.ActiveCfg = Release|Any CPU
		{D3F73B0A-BA31-48FE-B689-8A89975E1BE6}.Release|x86.Build.0 = Release|Any CPU
		{74A04627-586F-4089-B5FA-6F259642A771}.Debug|Any CPU.ActiveCfg = Debug|Any CPU
		{74A04627-586F-4089-B5FA-6F259642A771}.Debug|Any CPU.Build.0 = Debug|Any CPU
		{74A04627-586F-4089-B5FA-6F259642A771}.Debug|ARM.ActiveCfg = Debug|Any CPU
		{74A04627-586F-4089-B5FA-6F259642A771}.Debug|ARM.Build.0 = Debug|Any CPU
		{74A04627-586F-4089-B5FA-6F259642A771}.Debug|x64.ActiveCfg = Debug|Any CPU
		{74A04627-586F-4089-B5FA-6F259642A771}.Debug|x64.Build.0 = Debug|Any CPU
		{74A04627-586F-4089-B5FA-6F259642A771}.Debug|x86.ActiveCfg = Debug|Any CPU
		{74A04627-586F-4089-B5FA-6F259642A771}.Debug|x86.Build.0 = Debug|Any CPU
		{74A04627-586F-4089-B5FA-6F259642A771}.Release|Any CPU.ActiveCfg = Release|Any CPU
		{74A04627-586F-4089-B5FA-6F259642A771}.Release|Any CPU.Build.0 = Release|Any CPU
		{74A04627-586F-4089-B5FA-6F259642A771}.Release|ARM.ActiveCfg = Release|Any CPU
		{74A04627-586F-4089-B5FA-6F259642A771}.Release|ARM.Build.0 = Release|Any CPU
		{74A04627-586F-4089-B5FA-6F259642A771}.Release|x64.ActiveCfg = Release|Any CPU
		{74A04627-586F-4089-B5FA-6F259642A771}.Release|x64.Build.0 = Release|Any CPU
		{74A04627-586F-4089-B5FA-6F259642A771}.Release|x86.ActiveCfg = Release|Any CPU
		{74A04627-586F-4089-B5FA-6F259642A771}.Release|x86.Build.0 = Release|Any CPU
		{A1094F30-B376-4C70-AC01-D3392B5C48EA}.Debug|Any CPU.ActiveCfg = Debug|Any CPU
		{A1094F30-B376-4C70-AC01-D3392B5C48EA}.Debug|Any CPU.Build.0 = Debug|Any CPU
		{A1094F30-B376-4C70-AC01-D3392B5C48EA}.Debug|ARM.ActiveCfg = Debug|Any CPU
		{A1094F30-B376-4C70-AC01-D3392B5C48EA}.Debug|ARM.Build.0 = Debug|Any CPU
		{A1094F30-B376-4C70-AC01-D3392B5C48EA}.Debug|x64.ActiveCfg = Debug|Any CPU
		{A1094F30-B376-4C70-AC01-D3392B5C48EA}.Debug|x64.Build.0 = Debug|Any CPU
		{A1094F30-B376-4C70-AC01-D3392B5C48EA}.Debug|x86.ActiveCfg = Debug|Any CPU
		{A1094F30-B376-4C70-AC01-D3392B5C48EA}.Debug|x86.Build.0 = Debug|Any CPU
		{A1094F30-B376-4C70-AC01-D3392B5C48EA}.Release|Any CPU.ActiveCfg = Release|Any CPU
		{A1094F30-B376-4C70-AC01-D3392B5C48EA}.Release|Any CPU.Build.0 = Release|Any CPU
		{A1094F30-B376-4C70-AC01-D3392B5C48EA}.Release|ARM.ActiveCfg = Release|Any CPU
		{A1094F30-B376-4C70-AC01-D3392B5C48EA}.Release|ARM.Build.0 = Release|Any CPU
		{A1094F30-B376-4C70-AC01-D3392B5C48EA}.Release|x64.ActiveCfg = Release|Any CPU
		{A1094F30-B376-4C70-AC01-D3392B5C48EA}.Release|x64.Build.0 = Release|Any CPU
		{A1094F30-B376-4C70-AC01-D3392B5C48EA}.Release|x86.ActiveCfg = Release|Any CPU
		{A1094F30-B376-4C70-AC01-D3392B5C48EA}.Release|x86.Build.0 = Release|Any CPU
	EndGlobalSection
	GlobalSection(SolutionProperties) = preSolution
		HideSolutionNode = FALSE
	EndGlobalSection
	GlobalSection(ExtensibilityGlobals) = postSolution
		SolutionGuid = {CC85CEF2-A70D-4693-814A-BFFBCE0B381E}
	EndGlobalSection
EndGlobal
